<?xml version="1.0" encoding="utf-8"?>
<Project ToolsVersion="4.0" xmlns="http://schemas.microsoft.com/developer/msbuild/2003">
  <ItemGroup>
    <Filter Include="Source Files">
      <UniqueIdentifier>{4FC737F1-C7A5-4376-A066-2A32D752A2FF}</UniqueIdentifier>
      <Extensions>cpp;c;cc;cxx;def;odl;idl;hpj;bat;asm;asmx</Extensions>
    </Filter>
    <Filter Include="Header Files">
      <UniqueIdentifier>{93995380-89BD-4b04-88EB-625FBE52EBFB}</UniqueIdentifier>
      <Extensions>h;hpp;hxx;hm;inl;inc;xsd</Extensions>
    </Filter>
    <Filter Include="Resource Files">
      <UniqueIdentifier>{67DA6AB6-F800-4c08-8B7A-83BB121AAD01}</UniqueIdentifier>
      <Extensions>rc;ico;cur;bmp;dlg;rc2;rct;bin;rgs;gif;jpg;jpeg;jpe;resx;tiff;tif;png;wav;mfcribbon-ms</Extensions>
    </Filter>
    <Filter Include="Header Files\Log">
      <UniqueIdentifier>{e0555616-36e2-4291-8926-347784acc40d}</UniqueIdentifier>
    </Filter>
    <Filter Include="Source Files\Log">
      <UniqueIdentifier>{57998ee9-25c3-4519-9766-434aa3f1cd6b}</UniqueIdentifier>
    </Filter>
    <Filter Include="Header Files\App">
      <UniqueIdentifier>{54726f84-5aa4-47d2-9958-5e74f33161ef}</UniqueIdentifier>
    </Filter>
    <Filter Include="Header Files\Engine">
      <UniqueIdentifier>{d99318c6-bf3a-41fb-85e5-87ecc959d680}</UniqueIdentifier>
    </Filter>
    <Filter Include="Source Files\Engine">
      <UniqueIdentifier>{5cbfabe0-9523-4639-a445-0dbe21b0aac2}</UniqueIdentifier>
    </Filter>
    <Filter Include="Source Files\App">
      <UniqueIdentifier>{cfd1a983-c717-445e-9c50-127499a352ce}</UniqueIdentifier>
    </Filter>
    <Filter Include="Header Files\States">
      <UniqueIdentifier>{98a7f058-a792-465b-9fa8-48754d75406f}</UniqueIdentifier>
    </Filter>
    <Filter Include="Source Files\States">
      <UniqueIdentifier>{a873d5f5-530d-49e5-bd44-802b6481f8e7}</UniqueIdentifier>
    </Filter>
    <Filter Include="Header Files\Engine\Timer">
      <UniqueIdentifier>{e307bf79-41ba-43b4-b5dc-f5b4a4e57e60}</UniqueIdentifier>
    </Filter>
    <Filter Include="Source Files\Engine\Timer">
      <UniqueIdentifier>{69bcab86-1e75-4677-a94f-e44aac5be503}</UniqueIdentifier>
    </Filter>
    <Filter Include="Header Files\Engine\Object">
      <UniqueIdentifier>{6a294d40-97eb-4158-a21e-0bea40914a21}</UniqueIdentifier>
    </Filter>
    <Filter Include="Source Files\Engine\Object">
      <UniqueIdentifier>{a77b0e26-2684-43f2-b911-ca3bf2c413c7}</UniqueIdentifier>
    </Filter>
    <Filter Include="Header Files\Engine\Player">
      <UniqueIdentifier>{ffa8071c-ae0b-4ad7-84c5-cb9ced4e4678}</UniqueIdentifier>
    </Filter>
    <Filter Include="Source Files\Engine\Player">
      <UniqueIdentifier>{857ce1b6-d103-494b-ba9d-216fbe86b61a}</UniqueIdentifier>
    </Filter>
    <Filter Include="Header Files\Engine\Background">
      <UniqueIdentifier>{42cc48de-b28e-48cf-942d-7509d62fd9c5}</UniqueIdentifier>
    </Filter>
    <Filter Include="Source Files\Engine\Background">
      <UniqueIdentifier>{cf0c8cd6-da98-453c-823c-8ca955542b08}</UniqueIdentifier>
    </Filter>
    <Filter Include="Header Files\Engine\Object\ObjectManager">
      <UniqueIdentifier>{8db76e8c-94f0-4ea1-baea-62d818851b58}</UniqueIdentifier>
    </Filter>
    <Filter Include="Source Files\Engine\Object\ObjectManager">
      <UniqueIdentifier>{8ec1a49d-338a-4a37-b6d7-35ab92418e93}</UniqueIdentifier>
    </Filter>
    <Filter Include="Header Files\Engine\FSM">
      <UniqueIdentifier>{0604c6ce-f28c-4629-be76-92d9bb78d78b}</UniqueIdentifier>
    </Filter>
    <Filter Include="Source Files\Engine\FSM">
      <UniqueIdentifier>{461ed85c-f5eb-4d93-ac31-aac885a091a5}</UniqueIdentifier>
    </Filter>
    <Filter Include="Header Files\Engine\Input">
      <UniqueIdentifier>{89641ba3-feef-4aa3-9390-bd5eec63331f}</UniqueIdentifier>
    </Filter>
    <Filter Include="Header Files\Engine\Config">
      <UniqueIdentifier>{38595cad-23c3-485f-b1e9-75863da06530}</UniqueIdentifier>
    </Filter>
    <Filter Include="Source Files\Engine\Config">
      <UniqueIdentifier>{9eb931e6-bdda-4e3d-ba5e-487184c15962}</UniqueIdentifier>
    </Filter>
    <Filter Include="Source Files\Engine\Animation">
      <UniqueIdentifier>{3083f71b-4787-4a8d-90cf-cbb3be75b723}</UniqueIdentifier>
    </Filter>
    <Filter Include="Header Files\Engine\Animation">
      <UniqueIdentifier>{2218d799-2a47-4e47-919d-08a29129e238}</UniqueIdentifier>
    </Filter>
    <Filter Include="Header Files\Engine\Object\MessageRouter">
      <UniqueIdentifier>{1285cfb3-4a25-45a8-8012-a67ea6281ad3}</UniqueIdentifier>
    </Filter>
    <Filter Include="Source Files\Engine\Object\MessageRouter">
      <UniqueIdentifier>{d8764590-ca8a-4a43-a49b-f15377c1d19b}</UniqueIdentifier>
    </Filter>
    <Filter Include="Header Files\Engine\Network">
      <UniqueIdentifier>{d0a42cda-64fd-42c1-a427-aa7148877fa5}</UniqueIdentifier>
    </Filter>
    <Filter Include="Source Files\Engine\Network">
      <UniqueIdentifier>{88ba9dc5-08d9-412c-93a0-e0181bafd03a}</UniqueIdentifier>
    </Filter>
  </ItemGroup>
  <ItemGroup>
    <ClCompile Include="main.cpp">
      <Filter>Source Files</Filter>
    </ClCompile>
    <ClCompile Include="stdafx.cpp">
      <Filter>Source Files</Filter>
    </ClCompile>
    <ClCompile Include="Log.cpp">
      <Filter>Source Files\Log</Filter>
    </ClCompile>
    <ClCompile Include="LogImpl.cpp">
      <Filter>Source Files\Log</Filter>
    </ClCompile>
    <ClCompile Include="Engine.cpp">
      <Filter>Source Files\Engine</Filter>
    </ClCompile>
    <ClCompile Include="EngineImpl.cpp">
      <Filter>Source Files\Engine</Filter>
    </ClCompile>
    <ClCompile Include="AppStateManager.cpp">
      <Filter>Source Files\App</Filter>
    </ClCompile>
    <ClCompile Include="App.cpp">
      <Filter>Source Files\App</Filter>
    </ClCompile>
    <ClCompile Include="MenuState.cpp">
      <Filter>Source Files\States</Filter>
    </ClCompile>
    <ClCompile Include="MenuStateImpl.cpp">
      <Filter>Source Files\States</Filter>
    </ClCompile>
    <ClCompile Include="Object.cpp">
      <Filter>Source Files\Engine\Object</Filter>
    </ClCompile>
    <ClCompile Include="ObjectImpl.cpp">
      <Filter>Source Files\Engine\Object</Filter>
    </ClCompile>
    <ClCompile Include="Timer.cpp">
      <Filter>Source Files\Engine\Timer</Filter>
    </ClCompile>
    <ClCompile Include="Player.cpp">
      <Filter>Source Files\Engine\Player</Filter>
    </ClCompile>
    <ClCompile Include="PlayerImpl.cpp">
      <Filter>Source Files\Engine\Player</Filter>
    </ClCompile>
    <ClCompile Include="Background.cpp">
      <Filter>Source Files\Engine\Background</Filter>
    </ClCompile>
    <ClCompile Include="BackgroundImpl.cpp">
      <Filter>Source Files\Engine\Background</Filter>
    </ClCompile>
    <ClCompile Include="ObjectManager.cpp">
      <Filter>Source Files\Engine\Object\ObjectManager</Filter>
    </ClCompile>
    <ClCompile Include="FState.cpp">
      <Filter>Source Files\Engine\FSM</Filter>
    </ClCompile>
    <ClCompile Include="FSM.cpp">
      <Filter>Source Files\Engine\FSM</Filter>
    </ClCompile>
    <ClCompile Include="PlayerManager.cpp">
      <Filter>Source Files\Engine\Player</Filter>
    </ClCompile>
    <ClCompile Include="Config.cpp">
      <Filter>Source Files\Engine\Config</Filter>
    </ClCompile>
    <ClCompile Include="Move.cpp">
      <Filter>Source Files\Engine\Animation</Filter>
    </ClCompile>
    <ClCompile Include="FighterMetadata.cpp">
      <Filter>Source Files\Engine\Config</Filter>
    </ClCompile>
    <ClCompile Include="MessageRouter.cpp">
      <Filter>Source Files\Engine\Object\MessageRouter</Filter>
    </ClCompile>
    <ClCompile Include="Server.cpp">
      <Filter>Source Files\Engine\Network</Filter>
    </ClCompile>
  </ItemGroup>
  <ItemGroup>
    <ClInclude Include="stdafx.hpp">
      <Filter>Header Files</Filter>
    </ClInclude>
    <ClInclude Include="Singleton.hpp">
      <Filter>Header Files</Filter>
    </ClInclude>
    <ClInclude Include="Log.hpp">
      <Filter>Header Files\Log</Filter>
    </ClInclude>
    <ClInclude Include="LogImpl.hpp">
      <Filter>Header Files\Log</Filter>
    </ClInclude>
    <ClInclude Include="Engine.hpp">
      <Filter>Header Files\Engine</Filter>
    </ClInclude>
    <ClInclude Include="EngineImpl.hpp">
      <Filter>Header Files\Engine</Filter>
    </ClInclude>
    <ClInclude Include="AppState.hpp">
      <Filter>Header Files\App</Filter>
    </ClInclude>
    <ClInclude Include="AppStateManager.hpp">
      <Filter>Header Files\App</Filter>
    </ClInclude>
    <ClInclude Include="App.hpp">
      <Filter>Header Files\App</Filter>
    </ClInclude>
    <ClInclude Include="MenuState.hpp">
      <Filter>Header Files\States</Filter>
    </ClInclude>
    <ClInclude Include="MenuStateImpl.hpp">
      <Filter>Header Files\States</Filter>
    </ClInclude>
    <ClInclude Include="Object.hpp">
      <Filter>Header Files\Engine\Object</Filter>
    </ClInclude>
    <ClInclude Include="ObjectImpl.hpp">
      <Filter>Header Files\Engine\Object</Filter>
    </ClInclude>
    <ClInclude Include="Timer.hpp">
      <Filter>Header Files\Engine\Timer</Filter>
    </ClInclude>
    <ClInclude Include="Player.hpp">
      <Filter>Header Files\Engine\Player</Filter>
    </ClInclude>
    <ClInclude Include="PlayerImpl.hpp">
      <Filter>Header Files\Engine\Player</Filter>
    </ClInclude>
    <ClInclude Include="Background.hpp">
      <Filter>Header Files\Engine\Background</Filter>
    </ClInclude>
    <ClInclude Include="BackgroundImpl.hpp">
      <Filter>Header Files\Engine\Background</Filter>
    </ClInclude>
    <ClInclude Include="ObjectManager.hpp">
      <Filter>Header Files\Engine\Object\ObjectManager</Filter>
    </ClInclude>
    <ClInclude Include="FSM.hpp">
      <Filter>Header Files\Engine\FSM</Filter>
    </ClInclude>
    <ClInclude Include="FState.hpp">
      <Filter>Header Files\Engine\FSM</Filter>
    </ClInclude>
    <ClInclude Include="Input.hpp">
      <Filter>Header Files\Engine\Input</Filter>
    </ClInclude>
    <ClInclude Include="PlayerManager.hpp">
      <Filter>Header Files\Engine\Player</Filter>
    </ClInclude>
    <ClInclude Include="Config.hpp">
      <Filter>Header Files\Engine\Config</Filter>
    </ClInclude>
    <ClInclude Include="PlayerData.hpp">
      <Filter>Header Files\Engine\Player</Filter>
    </ClInclude>
    <ClInclude Include="Move.hpp">
      <Filter>Header Files\Engine\Animation</Filter>
    </ClInclude>
    <ClInclude Include="FighterMetadata.hpp">
      <Filter>Header Files\Engine\Config</Filter>
    </ClInclude>
    <ClInclude Include="MessageRouter.hpp">
      <Filter>Header Files\Engine\Object\MessageRouter</Filter>
    </ClInclude>
    <ClInclude Include="Server.hpp">
      <Filter>Header Files\Engine\Network</Filter>
    </ClInclude>
  </ItemGroup>
  <ItemGroup>
    <None Include="work-log.txt">
      <Filter>Source Files</Filter>
    </None>
  </ItemGroup>
</Project>